# AUTO-MANAGED by Build-EffectParameters.ps1 - DO NOT EDIT BY HAND.
# Frozen effect ID assignment (referenced by KNX KOs). New effects are
# appended automatically; changing an existing ID makes the build FAIL.
# Columns (TAB-separated): ID  EffectClassName  DisplayNameEN
0	EffectSolid	Solid
1	EffectWipe	Wipe
2	RainbowEffect	Rainbow
3	RainbowCycleEffect	Rainbow Cycle
4	PrideEffect	Pride2015
5	ConfettiEffect	Confetti
6	JuggleEffect	Juggle
7	BPMEffect	BPM
8	CylonEffect	Cylon
9	RGBWTestEffect	RGBWTest
10	GarageDoorEffect	GarageDoor
11	FireEffect	Fire
12	TheaterChaseEffect	Theater Chase
13	TheaterChaseRainbowEffect	Theater Chase Rainbow
14	SinelonEffect	Sinelon
15	TwinkleEffect	Twinkle
16	SparkleEffect	Sparkle
17	BreathingEffect	Breathing
18	StrobeEffect	Strobe
19	PulseEffect	Pulse
20	CometEffect	Comet
21	MeteorEffect	Meteor
22	NoiseEffect	Noise
23	PaletteEffect	Palette
24	LightningEffect	Lightning
25	GradientEffect	Gradient
26	RGBCCTTestEffect	RGBCCTTest
27	CandleEffect	Candle
28	CandleMultiEffect	Candle Multi
29	Fire2DEffect	Fire 2D
30	Noise2DEffect	Noise 2D
31	Cylon2DEffect	Cylon 2D
32	ScrollTextEffect	Scroll Text
33	Clock2DEffect	Clock 2D
34	Snake2DEffect	Snake 2D
35	Matrix2DEffect	Matrix 2D
36	Tetris2DEffect	Tetris 2D
37	Tron2DEffect	TRON
38	StarfieldWarp2DEffect	Starfield Warp
39	PlasmaNebula2DEffect	Plasma Nebula
40	UfoSwarm2DEffect	UFO Swarm
